
Microsoft Visual Studio Solution File, Format Version 12.00
# Visual Studio Version 17
VisualStudioVersion = 17.11.35219.272
MinimumVisualStudioVersion = 10.0.40219.1
Project("{FAE04EC0-301F-11D3-BF4B-00C04F79EFBC}") = "baitap6", "baitap6\baitap6.csproj", "{EB15846E-256C-4B61-B367-CED67F1F928E}"
EndProject
Global
	GlobalSection(SolutionConfigurationPlatforms) = preSolution
		Debug|Any CPU = Debug|Any CPU
		Release|Any CPU = Release|Any CPU
	EndGlobalSection
	GlobalSection(ProjectConfigurationPlatforms) = postSolution
		{EB15846E-256C-4B61-B367-CED67F1F928E}.Debug|Any CPU.ActiveCfg = Debug|Any CPU
		{EB15846E-256C-4B61-B367-CED67F1F928E}.Debug|Any CPU.Build.0 = Debug|Any CPU
		{EB15846E-256C-4B61-B367-CED67F1F928E}.Release|Any CPU.ActiveCfg = Release|Any CPU
		{EB15846E-256C-4B61-B367-CED67F1F928E}.Release|Any CPU.Build.0 = Release|Any CPU
	EndGlobalSection
	GlobalSection(SolutionProperties) = preSolution
		HideSolutionNode = FALSE
	EndGlobalSection
	GlobalSection(ExtensibilityGlobals) = postSolution
		SolutionGuid = {CA6541AB-15CA-412F-A96A-61A7D3C90A21}
	EndGlobalSection
EndGlobal
