
Microsoft Visual Studio Solution File, Format Version 12.00
# Visual Studio Version 17
VisualStudioVersion = 17.11.35219.272
MinimumVisualStudioVersion = 10.0.40219.1
Project("{FAE04EC0-301F-11D3-BF4B-00C04F79EFBC}") = "Project", "Project.csproj", "{90E24443-26F5-4787-882A-C6A0D0EC303E}"
EndProject
Global
	GlobalSection(SolutionConfigurationPlatforms) = preSolution
		Debug|Any CPU = Debug|Any CPU
		Release|Any CPU = Release|Any CPU
	EndGlobalSection
	GlobalSection(ProjectConfigurationPlatforms) = postSolution
		{90E24443-26F5-4787-882A-C6A0D0EC303E}.Debug|Any CPU.ActiveCfg = Debug|Any CPU
		{90E24443-26F5-4787-882A-C6A0D0EC303E}.Debug|Any CPU.Build.0 = Debug|Any CPU
		{90E24443-26F5-4787-882A-C6A0D0EC303E}.Release|Any CPU.ActiveCfg = Release|Any CPU
		{90E24443-26F5-4787-882A-C6A0D0EC303E}.Release|Any CPU.Build.0 = Release|Any CPU
	EndGlobalSection
	GlobalSection(SolutionProperties) = preSolution
		HideSolutionNode = FALSE
	EndGlobalSection
	GlobalSection(ExtensibilityGlobals) = postSolution
		SolutionGuid = {E63001C2-6935-4C6F-B267-0CE8B0D90135}
	EndGlobalSection
EndGlobal
